
Microsoft Visual Studio Solution File, Format Version 12.00
# Visual Studio Version 17
VisualStudioVersion = 17.14.36212.18 d17.14
MinimumVisualStudioVersion = 10.0.40219.1
Project("{FAE04EC0-301F-11D3-BF4B-00C04F79EFBC}") = "NotificationServiceFunction", "NotificationServiceFunction\NotificationServiceFunction.csproj", "{B27CF3A7-5E42-4045-AE72-CACB44BA40A6}"
EndProject
Global
	GlobalSection(SolutionConfigurationPlatforms) = preSolution
		Debug|Any CPU = Debug|Any CPU
		Release|Any CPU = Release|Any CPU
	EndGlobalSection
	GlobalSection(ProjectConfigurationPlatforms) = postSolution
		{B27CF3A7-5E42-4045-AE72-CACB44BA40A6}.Debug|Any CPU.ActiveCfg = Debug|Any CPU
		{B27CF3A7-5E42-4045-AE72-CACB44BA40A6}.Debug|Any CPU.Build.0 = Debug|Any CPU
		{B27CF3A7-5E42-4045-AE72-CACB44BA40A6}.Release|Any CPU.ActiveCfg = Release|Any CPU
		{B27CF3A7-5E42-4045-AE72-CACB44BA40A6}.Release|Any CPU.Build.0 = Release|Any CPU
	EndGlobalSection
	GlobalSection(SolutionProperties) = preSolution
		HideSolutionNode = FALSE
	EndGlobalSection
	GlobalSection(ExtensibilityGlobals) = postSolution
		SolutionGuid = {624BCEFF-F22F-4013-8606-F63CACC29B35}
	EndGlobalSection
EndGlobal
